// !$*UTF8*$!
{
	archiveVersion = 1;
	classes = {
	};
	objectVersion = 56;
	objects = {

/* Begin PBXBuildFile section */
		948C59942B65AF8600A5BB2D /* seikoUcKeyboardApp.swift in Sources */ = {isa = PBXBuildFile; fileRef = 948C59932B65AF8600A5BB2D /* seikoUcKeyboardApp.swift */; };
		948C59962B65AF8600A5BB2D /* ContentView.swift in Sources */ = {isa = PBXBuildFile; fileRef = 948C59952B65AF8600A5BB2D /* ContentView.swift */; };
		948C59982B65AF8800A5BB2D /* Assets.xcassets in Resources */ = {isa = PBXBuildFile; fileRef = 948C59972B65AF8800A5BB2D /* Assets.xcassets */; };
		948C599B2B65AF8800A5BB2D /* Preview Assets.xcassets in Resources */ = {isa = PBXBuildFile; fileRef = 948C599A2B65AF8800A5BB2D /* Preview Assets.xcassets */; };
		94DC45062B6E409200520C06 /* DataTransmitter.swift in Sources */ = {isa = PBXBuildFile; fileRef = 94DC45052B6E409200520C06 /* DataTransmitter.swift */; };
		94DC450A2B6E48D400520C06 /* UcKey.swift in Sources */ = {isa = PBXBuildFile; fileRef = 94DC45092B6E48D400520C06 /* UcKey.swift */; };
		94DC450E2B700CD000520C06 /* Keyboard.swift in Sources */ = {isa = PBXBuildFile; fileRef = 94DC450D2B700CD000520C06 /* Keyboard.swift */; };
/* End PBXBuildFile section */

/* Begin PBXFileReference section */
		948C59902B65AF8600A5BB2D /* seikoUcKeyboard.app */ = {isa = PBXFileReference; explicitFileType = wrapper.application; includeInIndex = 0; path = seikoUcKeyboard.app; sourceTree = BUILT_PRODUCTS_DIR; };
		948C59932B65AF8600A5BB2D /* seikoUcKeyboardApp.swift */ = {isa = PBXFileReference; lastKnownFileType = sourcecode.swift; path = seikoUcKeyboardApp.swift; sourceTree = "<group>"; };
		948C59952B65AF8600A5BB2D /* ContentView.swift */ = {isa = PBXFileReference; lastKnownFileType = sourcecode.swift; path = ContentView.swift; sourceTree = "<group>"; };
		948C59972B65AF8800A5BB2D /* Assets.xcassets */ = {isa = PBXFileReference; lastKnownFileType = folder.assetcatalog; path = Assets.xcassets; sourceTree = "<group>"; };
		948C599A2B65AF8800A5BB2D /* Preview Assets.xcassets */ = {isa = PBXFileReference; lastKnownFileType = folder.assetcatalog; path = "Preview Assets.xcassets"; sourceTree = "<group>"; };
		94DC45052B6E409200520C06 /* DataTransmitter.swift */ = {isa = PBXFileReference; lastKnownFileType = sourcecode.swift; path = DataTransmitter.swift; sourceTree = "<group>"; };
		94DC45092B6E48D400520C06 /* UcKey.swift */ = {isa = PBXFileReference; lastKnownFileType = sourcecode.swift; path = UcKey.swift; sourceTree = "<group>"; };
		94DC450D2B700CD000520C06 /* Keyboard.swift */ = {isa = PBXFileReference; lastKnownFileType = sourcecode.swift; path = Keyboard.swift; sourceTree = "<group>"; };
/* End PBXFileReference section */

/* Begin PBXFrameworksBuildPhase section */
		948C598D2B65AF8600A5BB2D /* Frameworks */ = {
			isa = PBXFrameworksBuildPhase;
			buildActionMask = 2147483647;
			files = (
			);
			runOnlyForDeploymentPostprocessing = 0;
		};
/* End PBXFrameworksBuildPhase section */

/* Begin PBXGroup section */
		948C59872B65AF8600A5BB2D = {
			isa = PBXGroup;
			children = (
				948C59922B65AF8600A5BB2D /* seikoUcKeyboard */,
				948C59912B65AF8600A5BB2D /* Products */,
			);
			sourceTree = "<group>";
		};
		948C59912B65AF8600A5BB2D /* Products */ = {
			isa = PBXGroup;
			children = (
				948C59902B65AF8600A5BB2D /* seikoUcKeyboard.app */,
			);
			name = Products;
			sourceTree = "<group>";
		};
		948C59922B65AF8600A5BB2D /* seikoUcKeyboard */ = {
			isa = PBXGroup;
			children = (
				948C59932B65AF8600A5BB2D /* seikoUcKeyboardApp.swift */,
				948C59952B65AF8600A5BB2D /* ContentView.swift */,
				948C59972B65AF8800A5BB2D /* Assets.xcassets */,
				948C59992B65AF8800A5BB2D /* Preview Content */,
				94DC45052B6E409200520C06 /* DataTransmitter.swift */,
				94DC45092B6E48D400520C06 /* UcKey.swift */,
				94DC450D2B700CD000520C06 /* Keyboard.swift */,
			);
			path = seikoUcKeyboard;
			sourceTree = "<group>";
		};
		948C59992B65AF8800A5BB2D /* Preview Content */ = {
			isa = PBXGroup;
			children = (
				948C599A2B65AF8800A5BB2D /* Preview Assets.xcassets */,
			);
			path = "Preview Content";
			sourceTree = "<group>";
		};
/* End PBXGroup section */

/* Begin PBXNativeTarget section */
		948C598F2B65AF8600A5BB2D /* seikoUcKeyboard */ = {
			isa = PBXNativeTarget;
			buildConfigurationList = 948C599E2B65AF8800A5BB2D /* Build configuration list for PBXNativeTarget "seikoUcKeyboard" */;
			buildPhases = (
				948C598C2B65AF8600A5BB2D /* Sources */,
				948C598D2B65AF8600A5BB2D /* Frameworks */,
				948C598E2B65AF8600A5BB2D /* Resources */,
			);
			buildRules = (
			);
			dependencies = (
			);
			name = seikoUcKeyboard;
			productName = seikoUcKeyboard;
			productReference = 948C59902B65AF8600A5BB2D /* seikoUcKeyboard.app */;
			productType = "com.apple.product-type.application";
		};
/* End PBXNativeTarget section */

/* Begin PBXProject section */
		948C59882B65AF8600A5BB2D /* Project object */ = {
			isa = PBXProject;
			attributes = {
				BuildIndependentTargetsInParallel = 1;
				LastSwiftUpdateCheck = 1520;
				LastUpgradeCheck = 1520;
				TargetAttributes = {
					948C598F2B65AF8600A5BB2D = {
						CreatedOnToolsVersion = 15.2;
					};
				};
			};
			buildConfigurationList = 948C598B2B65AF8600A5BB2D /* Build configuration list for PBXProject "seikoUcKeyboard" */;
			compatibilityVersion = "Xcode 14.0";
			developmentRegion = en;
			hasScannedForEncodings = 0;
			knownRegions = (
				en,
				Base,
			);
			mainGroup = 948C59872B65AF8600A5BB2D;
			productRefGroup = 948C59912B65AF8600A5BB2D /* Products */;
			projectDirPath = "";
			projectRoot = "";
			targets = (
				948C598F2B65AF8600A5BB2D /* seikoUcKeyboard */,
			);
		};
/* End PBXProject section */

/* Begin PBXResourcesBuildPhase section */
		948C598E2B65AF8600A5BB2D /* Resources */ = {
			isa = PBXResourcesBuildPhase;
			buildActionMask = 2147483647;
			files = (
				948C599B2B65AF8800A5BB2D /* Preview Assets.xcassets in Resources */,
				948C59982B65AF8800A5BB2D /* Assets.xcassets in Resources */,
			);
			runOnlyForDeploymentPostprocessing = 0;
		};
/* End PBXResourcesBuildPhase section */

/* Begin PBXSourcesBuildPhase section */
		948C598C2B65AF8600A5BB2D /* Sources */ = {
			isa = PBXSourcesBuildPhase;
			buildActionMask = 2147483647;
			files = (
				948C59962B65AF8600A5BB2D /* ContentView.swift in Sources */,
				948C59942B65AF8600A5BB2D /* seikoUcKeyboardApp.swift in Sources */,
				94DC450E2B700CD000520C06 /* Keyboard.swift in Sources */,
				94DC45062B6E409200520C06 /* DataTransmitter.swift in Sources */,
				94DC450A2B6E48D400520C06 /* UcKey.swift in Sources */,
			);
			runOnlyForDeploymentPostprocessing = 0;
		};
/* End PBXSourcesBuildPhase section */

/* Begin XCBuildConfiguration section */
		948C599C2B65AF8800A5BB2D /* Debug */ = {
			isa = XCBuildConfiguration;
			buildSettings = {
				ALWAYS_SEARCH_USER_PATHS = NO;
				ASSETCATALOG_COMPILER_GENERATE_SWIFT_ASSET_SYMBOL_EXTENSIONS = YES;
				CLANG_ANALYZER_NONNULL = YES;
				CLANG_ANALYZER_NUMBER_OBJECT_CONVERSION = YES_AGGRESSIVE;
				CLANG_CXX_LANGUAGE_STANDARD = "gnu++20";
				CLANG_ENABLE_MODULES = YES;
				CLANG_ENABLE_OBJC_ARC = YES;
				CLANG_ENABLE_OBJC_WEAK = YES;
				CLANG_WARN_BLOCK_CAPTURE_AUTORELEASING = YES;
				CLANG_WARN_BOOL_CONVERSION = YES;
				CLANG_WARN_COMMA = YES;
				CLANG_WARN_CONSTANT_CONVERSION = YES;
				CLANG_WARN_DEPRECATED_OBJC_IMPLEMENTATIONS = YES;
				CLANG_WARN_DIRECT_OBJC_ISA_USAGE = YES_ERROR;
				CLANG_WARN_DOCUMENTATION_COMMENTS = YES;
				CLANG_WARN_EMPTY_BODY = YES;
				CLANG_WARN_ENUM_CONVERSION = YES;
				CLANG_WARN_INFINITE_RECURSION = YES;
				CLANG_WARN_INT_CONVERSION = YES;
				CLANG_WARN_NON_LITERAL_NULL_CONVERSION = YES;
				CLANG_WARN_OBJC_IMPLICIT_RETAIN_SELF = YES;
				CLANG_WARN_OBJC_LITERAL_CONVERSION = YES;
				CLANG_WARN_OBJC_ROOT_CLASS = YES_ERROR;
				CLANG_WARN_QUOTED_INCLUDE_IN_FRAMEWORK_HEADER = YES;
				CLANG_WARN_RANGE_LOOP_ANALYSIS = YES;
				CLANG_WARN_STRICT_PROTOTYPES = YES;
				CLANG_WARN_SUSPICIOUS_MOVE = YES;
				CLANG_WARN_UNGUARDED_AVAILABILITY = YES_AGGRESSIVE;
				CLANG_WARN_UNREACHABLE_CODE = YES;
				CLANG_WARN__DUPLICATE_METHOD_MATCH = YES;
				COPY_PHASE_STRIP = NO;
				DEBUG_INFORMATION_FORMAT = dwarf;
				ENABLE_STRICT_OBJC_MSGSEND = YES;
				ENABLE_TESTABILITY = YES;
				ENABLE_USER_SCRIPT_SANDBOXING = YES;
				GCC_C_LANGUAGE_STANDARD = gnu17;
				GCC_DYNAMIC_NO_PIC = NO;
				GCC_NO_COMMON_BLOCKS = YES;
				GCC_OPTIMIZATION_LEVEL = 0;
				GCC_PREPROCESSOR_DEFINITIONS = (
					"DEBUG=1",
					"$(inherited)",
				);
				GCC_WARN_64_TO_32_BIT_CONVERSION = YES;
				GCC_WARN_ABOUT_RETURN_TYPE = YES_ERROR;
				GCC_WARN_UNDECLARED_SELECTOR = YES;
				GCC_WARN_UNINITIALIZED_AUTOS = YES_AGGRESSIVE;
				GCC_WARN_UNUSED_FUNCTION = YES;
				GCC_WARN_UNUSED_VARIABLE = YES;
				IPHONEOS_DEPLOYMENT_TARGET = 17.2;
				LOCALIZATION_PREFERS_STRING_CATALOGS = YES;
				MTL_ENABLE_DEBUG_INFO = INCLUDE_SOURCE;
				MTL_FAST_MATH = YES;
				ONLY_ACTIVE_ARCH = YES;
				SDKROOT = iphoneos;
				SWIFT_ACTIVE_COMPILATION_CONDITIONS = "DEBUG $(inherited)";
				SWIFT_OPTIMIZATION_LEVEL = "-Onone";
			};
			name = Debug;
		};
		948C599D2B65AF8800A5BB2D /* Release */ = {
			isa = XCBuildConfiguration;
			buildSettings = {
				ALWAYS_SEARCH_USER_PATHS = NO;
				ASSETCATALOG_COMPILER_GENERATE_SWIFT_ASSET_SYMBOL_EXTENSIONS = YES;
				CLANG_ANALYZER_NONNULL = YES;
				CLANG_ANALYZER_NUMBER_OBJECT_CONVERSION = YES_AGGRESSIVE;
				CLANG_CXX_LANGUAGE_STANDARD = "gnu++20";
				CLANG_ENABLE_MODULES = YES;
				CLANG_ENABLE_OBJC_ARC = YES;
				CLANG_ENABLE_OBJC_WEAK = YES;
				CLANG_WARN_BLOCK_CAPTURE_AUTORELEASING = YES;
				CLANG_WARN_BOOL_CONVERSION = YES;
				CLANG_WARN_COMMA = YES;
				CLANG_WARN_CONSTANT_CONVERSION = YES;
				CLANG_WARN_DEPRECATED_OBJC_IMPLEMENTATIONS = YES;
				CLANG_WARN_DIRECT_OBJC_ISA_USAGE = YES_ERROR;
				CLANG_WARN_DOCUMENTATION_COMMENTS = YES;
				CLANG_WARN_EMPTY_BODY = YES;
				CLANG_WARN_ENUM_CONVERSION = YES;
				CLANG_WARN_INFINITE_RECURSION = YES;
				CLANG_WARN_INT_CONVERSION = YES;
				CLANG_WARN_NON_LITERAL_NULL_CONVERSION = YES;
				CLANG_WARN_OBJC_IMPLICIT_RETAIN_SELF = YES;
				CLANG_WARN_OBJC_LITERAL_CONVERSION = YES;
				CLANG_WARN_OBJC_ROOT_CLASS = YES_ERROR;
				CLANG_WARN_QUOTED_INCLUDE_IN_FRAMEWORK_HEADER = YES;
				CLANG_WARN_RANGE_LOOP_ANALYSIS = YES;
				CLANG_WARN_STRICT_PROTOTYPES = YES;
				CLANG_WARN_SUSPICIOUS_MOVE = YES;
				CLANG_WARN_UNGUARDED_AVAILABILITY = YES_AGGRESSIVE;
				CLANG_WARN_UNREACHABLE_CODE = YES;
				CLANG_WARN__DUPLICATE_METHOD_MATCH = YES;
				COPY_PHASE_STRIP = NO;
				DEBUG_INFORMATION_FORMAT = "dwarf-with-dsym";
				ENABLE_NS_ASSERTIONS = NO;
				ENABLE_STRICT_OBJC_MSGSEND = YES;
				ENABLE_USER_SCRIPT_SANDBOXING = YES;
				GCC_C_LANGUAGE_STANDARD = gnu17;
				GCC_NO_COMMON_BLOCKS = YES;
				GCC_WARN_64_TO_32_BIT_CONVERSION = YES;
				GCC_WARN_ABOUT_RETURN_TYPE = YES_ERROR;
				GCC_WARN_UNDECLARED_SELECTOR = YES;
				GCC_WARN_UNINITIALIZED_AUTOS = YES_AGGRESSIVE;
				GCC_WARN_UNUSED_FUNCTION = YES;
				GCC_WARN_UNUSED_VARIABLE = YES;
				IPHONEOS_DEPLOYMENT_TARGET = 17.2;
				LOCALIZATION_PREFERS_STRING_CATALOGS = YES;
				MTL_ENABLE_DEBUG_INFO = NO;
				MTL_FAST_MATH = YES;
				SDKROOT = iphoneos;
				SWIFT_COMPILATION_MODE = wholemodule;
				VALIDATE_PRODUCT = YES;
			};
			name = Release;
		};
		948C599F2B65AF8800A5BB2D /* Debug */ = {
			isa = XCBuildConfiguration;
			buildSettings = {
				ASSETCATALOG_COMPILER_APPICON_NAME = AppIcon;
				ASSETCATALOG_COMPILER_GLOBAL_ACCENT_COLOR_NAME = AccentColor;
				CODE_SIGN_STYLE = Automatic;
				CURRENT_PROJECT_VERSION = 1;
				DEVELOPMENT_ASSET_PATHS = "\"seikoUcKeyboard/Preview Content\"";
				DEVELOPMENT_TEAM = YT85QGU2WP;
				ENABLE_PREVIEWS = YES;
				GENERATE_INFOPLIST_FILE = YES;
				INFOPLIST_KEY_UIApplicationSceneManifest_Generation = YES;
				INFOPLIST_KEY_UIApplicationSupportsIndirectInputEvents = YES;
				INFOPLIST_KEY_UILaunchScreen_Generation = YES;
				INFOPLIST_KEY_UISupportedInterfaceOrientations = "UIInterfaceOrientationLandscapeLeft UIInterfaceOrientationLandscapeRight";
				LD_RUNPATH_SEARCH_PATHS = (
					"$(inherited)",
					"@executable_path/Frameworks",
				);
				MARKETING_VERSION = 1.0;
				PRODUCT_BUNDLE_IDENTIFIER = com.giufu.seikoUcKeyboard;
				PRODUCT_NAME = "$(TARGET_NAME)";
				SUPPORTED_PLATFORMS = "iphoneos iphonesimulator";
				SUPPORTS_MACCATALYST = NO;
				SUPPORTS_MAC_DESIGNED_FOR_IPHONE_IPAD = NO;
				SUPPORTS_XR_DESIGNED_FOR_IPHONE_IPAD = NO;
				SWIFT_EMIT_LOC_STRINGS = YES;
				SWIFT_VERSION = 5.0;
				TARGETED_DEVICE_FAMILY = "1,2";
			};
			name = Debug;
		};
		948C59A02B65AF8800A5BB2D /* Release */ = {
			isa = XCBuildConfiguration;
			buildSettings = {
				ASSETCATALOG_COMPILER_APPICON_NAME = AppIcon;
				ASSETCATALOG_COMPILER_GLOBAL_ACCENT_COLOR_NAME = AccentColor;
				CODE_SIGN_STYLE = Automatic;
				CURRENT_PROJECT_VERSION = 1;
				DEVELOPMENT_ASSET_PATHS = "\"seikoUcKeyboard/Preview Content\"";
				DEVELOPMENT_TEAM = YT85QGU2WP;
				ENABLE_PREVIEWS = YES;
				GENERATE_INFOPLIST_FILE = YES;
				INFOPLIST_KEY_UIApplicationSceneManifest_Generation = YES;
				INFOPLIST_KEY_UIApplicationSupportsIndirectInputEvents = YES;
				INFOPLIST_KEY_UILaunchScreen_Generation = YES;
				INFOPLIST_KEY_UISupportedInterfaceOrientations = "UIInterfaceOrientationLandscapeLeft UIInterfaceOrientationLandscapeRight";
				LD_RUNPATH_SEARCH_PATHS = (
					"$(inherited)",
					"@executable_path/Frameworks",
				);
				MARKETING_VERSION = 1.0;
				PRODUCT_BUNDLE_IDENTIFIER = com.giufu.seikoUcKeyboard;
				PRODUCT_NAME = "$(TARGET_NAME)";
				SUPPORTED_PLATFORMS = "iphoneos iphonesimulator";
				SUPPORTS_MACCATALYST = NO;
				SUPPORTS_MAC_DESIGNED_FOR_IPHONE_IPAD = NO;
				SUPPORTS_XR_DESIGNED_FOR_IPHONE_IPAD = NO;
				SWIFT_EMIT_LOC_STRINGS = YES;
				SWIFT_VERSION = 5.0;
				TARGETED_DEVICE_FAMILY = "1,2";
			};
			name = Release;
		};
/* End XCBuildConfiguration section */

/* Begin XCConfigurationList section */
		948C598B2B65AF8600A5BB2D /* Build configuration list for PBXProject "seikoUcKeyboard" */ = {
			isa = XCConfigurationList;
			buildConfigurations = (
				948C599C2B65AF8800A5BB2D /* Debug */,
				948C599D2B65AF8800A5BB2D /* Release */,
			);
			defaultConfigurationIsVisible = 0;
			defaultConfigurationName = Release;
		};
		948C599E2B65AF8800A5BB2D /* Build configuration list for PBXNativeTarget "seikoUcKeyboard" */ = {
			isa = XCConfigurationList;
			buildConfigurations = (
				948C599F2B65AF8800A5BB2D /* Debug */,
				948C59A02B65AF8800A5BB2D /* Release */,
			);
			defaultConfigurationIsVisible = 0;
			defaultConfigurationName = Release;
		};
/* End XCConfigurationList section */
	};
	rootObject = 948C59882B65AF8600A5BB2D /* Project object */;
}
